# THIS IS AN AUTOGENERATED FILE. DO NOT EDIT THIS FILE DIRECTLY.
# yarn lockfile v1


"@antfu/utils@^0.3.0":
  version "0.3.0"
  resolved "https://registry.yarnpkg.com/@antfu/utils/-/utils-0.3.0.tgz#6306c43b52a883bd8e973e3ed8dd64248418bcc4"
  integrity sha512-UU8TLr/EoXdg7OjMp0h9oDoIAVr+Z/oW9cpOxQQyrsz6Qzd2ms/1CdWx8fl2OQdFpxGmq5Vc4TwfLHId6nAZjA==
  dependencies:
    "@types/throttle-debounce" "^2.1.0"

"@babel/parser@^7.15.0":
  version "7.16.4"
  resolved "https://registry.yarnpkg.com/@babel/parser/-/parser-7.16.4.tgz#d5f92f57cf2c74ffe9b37981c0e72fee7311372e"
  integrity sha512-6V0qdPUaiVHH3RtZeLIsc+6pDhbYzHR8ogA8w+f+Wc77DuXto19g2QUwveINoS34Uw+W8/hQDGJCx+i4n7xcng==

"@element-plus/icons@^0.0.11":
  version "0.0.11"
  resolved "https://registry.yarnpkg.com/@element-plus/icons/-/icons-0.0.11.tgz#9b187c002774548b911850d17fa5fc2f9a515f57"
  integrity sha512-iKQXSxXu131Ai+I9Ymtcof9WId7kaXvB1+WRfAfpQCW7UiAMYgdNDqb/u0hgTo2Yq3MwC4MWJnNuTBEpG8r7+A==

"@nodelib/fs.scandir@2.1.5":
  version "2.1.5"
  resolved "https://registry.yarnpkg.com/@nodelib/fs.scandir/-/fs.scandir-2.1.5.tgz#7619c2eb21b25483f6d167548b4cfd5a7488c3d5"
  integrity sha512-vq24Bq3ym5HEQm2NKCr3yXDwjc7vTsEThRDnkp2DK9p1uqLR+DHurm/NOTo0KG7HYHU7eppKZj3MyqYuMBf62g==
  dependencies:
    "@nodelib/fs.stat" "2.0.5"
    run-parallel "^1.1.9"

"@nodelib/fs.stat@2.0.5", "@nodelib/fs.stat@^2.0.2":
  version "2.0.5"
  resolved "https://registry.yarnpkg.com/@nodelib/fs.stat/-/fs.stat-2.0.5.tgz#5bd262af94e9d25bd1e71b05deed44876a222e8b"
  integrity sha512-RkhPPp2zrqDAQA/2jNhnztcPAlv64XdhIp7a7454A5ovI7Bukxgt7MX7udwAu3zg1DcpPU0rz3VV1SeaqvY4+A==

"@nodelib/fs.walk@^1.2.3":
  version "1.2.8"
  resolved "https://registry.yarnpkg.com/@nodelib/fs.walk/-/fs.walk-1.2.8.tgz#e95737e8bb6746ddedf69c556953494f196fe69a"
  integrity sha512-oGB+UxlgWcgQkgwo8GcEGwemoTFt3FIO9ababBmaGwXIoBKZ+GTy0pP185beGg7Llih/NSHSV2XAs1lnznocSg==
  dependencies:
    "@nodelib/fs.scandir" "2.1.5"
    fastq "^1.6.0"

"@popperjs/core@^2.10.2":
  version "2.10.2"
  resolved "https://registry.yarnpkg.com/@popperjs/core/-/core-2.10.2.tgz#0798c03351f0dea1a5a4cabddf26a55a7cbee590"
  integrity sha512-IXf3XA7+XyN7CP9gGh/XB0UxVMlvARGEgGXLubFICsUMGz6Q+DU+i4gGlpOxTjKvXjkJDJC8YdqdKkDj9qZHEQ==

"@rollup/pluginutils@^4.1.1":
  version "4.1.1"
  resolved "https://registry.yarnpkg.com/@rollup/pluginutils/-/pluginutils-4.1.1.tgz#1d4da86dd4eded15656a57d933fda2b9a08d47ec"
  integrity sha512-clDjivHqWGXi7u+0d2r2sBi4Ie6VLEAzWMIkvJLnDmxoOhBYOTfzGbOQBA32THHm11/LiJbd01tJUpJsbshSWQ==
  dependencies:
    estree-walker "^2.0.1"
    picomatch "^2.2.2"

"@types/throttle-debounce@^2.1.0":
  version "2.1.0"
  resolved "https://registry.yarnpkg.com/@types/throttle-debounce/-/throttle-debounce-2.1.0.tgz#1c3df624bfc4b62f992d3012b84c56d41eab3776"
  integrity sha512-5eQEtSCoESnh2FsiLTxE121IiE60hnMqcb435fShf4bpLRjEu1Eoekht23y6zXS9Ts3l+Szu3TARnTsA0GkOkQ==

"@vitejs/plugin-vue@^1.9.3":
  version "1.9.4"
  resolved "https://registry.yarnpkg.com/@vitejs/plugin-vue/-/plugin-vue-1.9.4.tgz#4f48485432cbb986a9fb9d254dc33ce30ddccbfa"
  integrity sha512-0CZqaCoChriPTTtGkERy1LGPcYjGFpi2uYRhBPIkqJqUGV5JnJFhQAgh6oH9j5XZHfrRaisX8W0xSpO4T7S78A==

"@vue/compiler-core@3.2.22":
  version "3.2.22"
  resolved "https://registry.yarnpkg.com/@vue/compiler-core/-/compiler-core-3.2.22.tgz#5e3d3b983cc7f430ddbc6a8773c872dcf410dc89"
  integrity sha512-uAkovrVeTcjzpiM4ECmVaMrv/bjdgAaLzvjcGqQPBEyUrcqsCgccT9fHJ/+hWVGhyMahmBwLqcn4guULNx7sdw==
  dependencies:
    "@babel/parser" "^7.15.0"
    "@vue/shared" "3.2.22"
    estree-walker "^2.0.2"
    source-map "^0.6.1"

"@vue/compiler-dom@3.2.22":
  version "3.2.22"
  resolved "https://registry.yarnpkg.com/@vue/compiler-dom/-/compiler-dom-3.2.22.tgz#221cc358a6c0651c04e1dd22a8470b21e56ee1a5"
  integrity sha512-VZdsw/VuO1ODs8K7NQwnMQzKITDkIFlYYC03SVnunuf6eNRxBPEonSyqbWNoo6qNaHAEBTG6VVcZC5xC9bAx1g==
  dependencies:
    "@vue/compiler-core" "3.2.22"
    "@vue/shared" "3.2.22"

"@vue/compiler-sfc@3.2.22":
  version "3.2.22"
  resolved "https://registry.yarnpkg.com/@vue/compiler-sfc/-/compiler-sfc-3.2.22.tgz#ffd0e5e35479b6ade18d12fefec369cbaf2f7718"
  integrity sha512-tWRQ5ge1tsTDhUwHgueicKJ8rYm6WUVAPTaIpFW3GSwZKcOEJ2rXdfkHFShNVGupeRALz2ET2H84OL0GeRxY0A==
  dependencies:
    "@babel/parser" "^7.15.0"
    "@vue/compiler-core" "3.2.22"
    "@vue/compiler-dom" "3.2.22"
    "@vue/compiler-ssr" "3.2.22"
    "@vue/ref-transform" "3.2.22"
    "@vue/shared" "3.2.22"
    estree-walker "^2.0.2"
    magic-string "^0.25.7"
    postcss "^8.1.10"
    source-map "^0.6.1"

"@vue/compiler-ssr@3.2.22":
  version "3.2.22"
  resolved "https://registry.yarnpkg.com/@vue/compiler-ssr/-/compiler-ssr-3.2.22.tgz#23552c31b76b45baf5f244713c81d77ab59447d2"
  integrity sha512-Cl6aoLJtXzzBkk1sKod8S0WBJLts3+ugVC91d22gGpbkw/64WnF12tOZi7Rg54PPLi1NovqyNWPsLH/SAFcu+w==
  dependencies:
    "@vue/compiler-dom" "3.2.22"
    "@vue/shared" "3.2.22"

"@vue/devtools-api@^6.0.0-beta.18":
  version "6.0.0-beta.20.1"
  resolved "https://registry.yarnpkg.com/@vue/devtools-api/-/devtools-api-6.0.0-beta.20.1.tgz#5b499647e929c35baf2a66a399578f9aa4601142"
  integrity sha512-R2rfiRY+kZugzWh9ZyITaovx+jpU4vgivAEAiz80kvh3yviiTU3CBuGuyWpSwGz9/C7TkSWVM/FtQRGlZ16n8Q==

"@vue/reactivity@3.2.22":
  version "3.2.22"
  resolved "https://registry.yarnpkg.com/@vue/reactivity/-/reactivity-3.2.22.tgz#88655c0b4febc561136e6550e329039f860caa0a"
  integrity sha512-xNkLAItjI0xB+lFeDgKCrSItmrHTaAzSnt8LmdSCPQnDyarmzbi/u4ESQnckWvlL7lSRKiEaOvblaNyqAa7OnQ==
  dependencies:
    "@vue/shared" "3.2.22"

"@vue/ref-transform@3.2.22":
  version "3.2.22"
  resolved "https://registry.yarnpkg.com/@vue/ref-transform/-/ref-transform-3.2.22.tgz#16b03994eac71528cceff4cf76178ed9b44ac90a"
  integrity sha512-qalVWbq5xWWxLZ0L9OroBg/JZhzavQuCcDXblfErxyDEH6Xc5gIJ4feo1SVCICFzhAUgLgQTdSFLpgjBawbFpw==
  dependencies:
    "@babel/parser" "^7.15.0"
    "@vue/compiler-core" "3.2.22"
    "@vue/shared" "3.2.22"
    estree-walker "^2.0.2"
    magic-string "^0.25.7"

"@vue/runtime-core@3.2.22":
  version "3.2.22"
  resolved "https://registry.yarnpkg.com/@vue/runtime-core/-/runtime-core-3.2.22.tgz#111f1bc97f20249e05ca2189856d99c82d72de32"
  integrity sha512-e7WOC55wmHPvmoVUk9VBe/Z9k5bJfWJfVIlkUkiADJn0bOgQD29oh/GS14Kb3aEJXIHLI17Em6+HxNut1sIh7Q==
  dependencies:
    "@vue/reactivity" "3.2.22"
    "@vue/shared" "3.2.22"

"@vue/runtime-dom@3.2.22":
  version "3.2.22"
  resolved "https://registry.yarnpkg.com/@vue/runtime-dom/-/runtime-dom-3.2.22.tgz#c11d75dd51375ee4c74e339f6523ca05e37faa37"
  integrity sha512-w7VHYJoliLRTLc5beN77wxuOjla4v9wr2FF22xpZFYBmH4U1V7HkYhoHc1BTuNghI15CXT1tNIMhibI1nrQgdw==
  dependencies:
    "@vue/runtime-core" "3.2.22"
    "@vue/shared" "3.2.22"
    csstype "^2.6.8"

"@vue/server-renderer@3.2.22":
  version "3.2.22"
  resolved "https://registry.yarnpkg.com/@vue/server-renderer/-/server-renderer-3.2.22.tgz#049c91a495cb0fcdac02dec485c31cb99410885f"
  integrity sha512-jCwbQgKPXiXoH9VS9F7K+gyEvEMrjutannwEZD1R8fQ9szmOTqC+RRbIY3Uf2ibQjZtZ8DV9a4FjxICvd9zZlQ==
  dependencies:
    "@vue/compiler-ssr" "3.2.22"
    "@vue/shared" "3.2.22"

"@vue/shared@3.2.22":
  version "3.2.22"
  resolved "https://registry.yarnpkg.com/@vue/shared/-/shared-3.2.22.tgz#26dcbe5e530f6c1f2de5ca9aeab92ab00f523b41"
  integrity sha512-qWVav014mpjEtbWbEgl0q9pEyrrIySKum8UVYjwhC6njrKzknLZPvfuYdQyVbApsqr94tf/3dP4pCuZmmjdCWQ==

"@vueuse/core@^6.7.3":
  version "6.9.1"
  resolved "https://registry.yarnpkg.com/@vueuse/core/-/core-6.9.1.tgz#b28ae875b618d3865c5a5ceefd9184b3155e8777"
  integrity sha512-msa36DxnnbIu41bUTvfSudF6TL4wo0+Yrpw6yr1bFtwtYTOo8GZXYWPKyvXUVGhBBqrTVNTqsTtD0eXXHJ3roA==
  dependencies:
    "@vueuse/shared" "6.9.1"
    vue-demi "*"

"@vueuse/shared@6.9.1":
  version "6.9.1"
  resolved "https://registry.yarnpkg.com/@vueuse/shared/-/shared-6.9.1.tgz#b5ac81da7cc5846a35dbc71ce7dfd4a78506a0d7"
  integrity sha512-nQh+ayxkeCKUU9MZjyQpE7KfOb18e/QOHolOE2ZK5dpoHzCZK7MSXzgDtvb9omGkgK0mjXlLSJsVdGhG+QW7Aw==
  dependencies:
    vue-demi "*"

anymatch@~3.1.2:
  version "3.1.2"
  resolved "https://registry.yarnpkg.com/anymatch/-/anymatch-3.1.2.tgz#c0557c096af32f106198f4f4e2a383537e378716"
  integrity sha512-P43ePfOAIupkguHUycrc4qJ9kz8ZiuOUijaETwX7THt0Y/GNK7v0aa8rY816xWjZ7rJdA5XdMcpVFTKMq+RvWg==
  dependencies:
    normalize-path "^3.0.0"
    picomatch "^2.0.4"

async-validator@^4.0.7:
  version "4.0.7"
  resolved "https://registry.yarnpkg.com/async-validator/-/async-validator-4.0.7.tgz#034a0fd2103a6b2ebf010da75183bec299247afe"
  integrity sha512-Pj2IR7u8hmUEDOwB++su6baaRi+QvsgajuFB9j95foM1N2gy5HM4z60hfusIO0fBPG5uLAEl6yCJr1jNSVugEQ==

balanced-match@^1.0.0:
  version "1.0.2"
  resolved "https://registry.yarnpkg.com/balanced-match/-/balanced-match-1.0.2.tgz#e83e3a7e3f300b34cb9d87f615fa0cbf357690ee"
  integrity sha512-3oSeUO0TMV67hN1AmbXsK4yaqU7tjiHlbxRDZOpH0KW9+CeX4bRAaX0Anxt0tx2MrpRpWwQaPwIlISEJhYU5Pw==

binary-extensions@^2.0.0:
  version "2.2.0"
  resolved "https://registry.yarnpkg.com/binary-extensions/-/binary-extensions-2.2.0.tgz#75f502eeaf9ffde42fc98829645be4ea76bd9e2d"
  integrity sha512-jDctJ/IVQbZoJykoeHbhXpOlNBqGNcwXJKJog42E5HDPUwQTSdjCHdihjj0DlnheQ7blbT6dHOafNAiS8ooQKA==

brace-expansion@^1.1.7:
  version "1.1.11"
  resolved "https://registry.yarnpkg.com/brace-expansion/-/brace-expansion-1.1.11.tgz#3c7fcbf529d87226f3d2f52b966ff5271eb441dd"
  integrity sha512-iCuPHDFgrHX7H2vEI/5xpz07zSHB00TpugqhmYtVmMO6518mCuRMoOYFldEBl0g187ufozdaHgWKcYFb61qGiA==
  dependencies:
    balanced-match "^1.0.0"
    concat-map "0.0.1"

braces@^3.0.1, braces@~3.0.2:
  version "3.0.2"
  resolved "https://registry.yarnpkg.com/braces/-/braces-3.0.2.tgz#3454e1a462ee8d599e236df336cd9ea4f8afe107"
  integrity sha512-b8um+L1RzM3WDSzvhm6gIz1yfTbBt6YTlcEKAvsmqCZZFw46z626lVj9j1yEPW33H5H+lBQpZMP1k8l+78Ha0A==
  dependencies:
    fill-range "^7.0.1"

builtins@^4.0.0:
  version "4.0.0"
  resolved "https://registry.yarnpkg.com/builtins/-/builtins-4.0.0.tgz#a8345420de82068fdc4d6559d0456403a8fb1905"
  integrity sha512-qC0E2Dxgou1IHhvJSLwGDSTvokbRovU5zZFuDY6oY8Y2lF3nGt5Ad8YZK7GMtqzY84Wu7pXTPeHQeHcXSXsRhw==
  dependencies:
    semver "^7.0.0"

"chokidar@>=3.0.0 <4.0.0", chokidar@^3.5.2:
  version "3.5.2"
  resolved "https://registry.yarnpkg.com/chokidar/-/chokidar-3.5.2.tgz#dba3976fcadb016f66fd365021d91600d01c1e75"
  integrity sha512-ekGhOnNVPgT77r4K/U3GDhu+FQ2S8TnK/s2KbIGXi0SZWuwkZ2QNyfWdZW+TVfn84DpEP7rLeCt2UI6bJ8GwbQ==
  dependencies:
    anymatch "~3.1.2"
    braces "~3.0.2"
    glob-parent "~5.1.2"
    is-binary-path "~2.1.0"
    is-glob "~4.0.1"
    normalize-path "~3.0.0"
    readdirp "~3.6.0"
  optionalDependencies:
    fsevents "~2.3.2"

concat-map@0.0.1:
  version "0.0.1"
  resolved "https://registry.yarnpkg.com/concat-map/-/concat-map-0.0.1.tgz#d8a96bd77fd68df7793a73036a3ba0d5405d477b"
  integrity sha1-2Klr13/Wjfd5OnMDajug1UBdR3s=

csstype@^2.6.8:
  version "2.6.19"
  resolved "https://registry.yarnpkg.com/csstype/-/csstype-2.6.19.tgz#feeb5aae89020bb389e1f63669a5ed490e391caa"
  integrity sha512-ZVxXaNy28/k3kJg0Fou5MiYpp88j7H9hLZp8PDC3jV0WFjfH5E9xHb56L0W59cPbKbcHXeP4qyT8PrHp8t6LcQ==

dayjs@^1.10.7:
  version "1.10.7"
  resolved "https://registry.yarnpkg.com/dayjs/-/dayjs-1.10.7.tgz#2cf5f91add28116748440866a0a1d26f3a6ce468"
  integrity sha512-P6twpd70BcPK34K26uJ1KT3wlhpuOAPoMwJzpsIWUxHZ7wpmbdZL/hQqBDfz7hGurYSa5PhzdhDHtt319hL3ig==

debug@^4.3.2:
  version "4.3.2"
  resolved "https://registry.yarnpkg.com/debug/-/debug-4.3.2.tgz#f0a49c18ac8779e31d4a0c6029dfb76873c7428b"
  integrity sha512-mOp8wKcvj7XxC78zLgw/ZA+6TSgkoE2C/ienthhRD298T7UNwAg9diBpLRxC0mOezLl4B0xV7M0cCO6P/O0Xhw==
  dependencies:
    ms "2.1.2"

element-plus@^1.2.0-beta.3:
  version "1.2.0-beta.3"
  resolved "https://registry.yarnpkg.com/element-plus/-/element-plus-1.2.0-beta.3.tgz#0ded059e6c8ddc6f5d9dcdf32e1b7ed44ac38099"
  integrity sha512-vvUxR3uL2k9K+WCWz/98hq4uPQ6jvfGf0hfzWvao7pySJkNQq9DtRPC6/4/zUceA/J6Y2Yo3xSbR19JRCwurRw==
  dependencies:
    "@element-plus/icons" "^0.0.11"
    "@popperjs/core" "^2.10.2"
    "@vueuse/core" "^6.7.3"
    async-validator "^4.0.7"
    dayjs "^1.10.7"
    lodash "^4.17.21"
    memoize-one "^6.0.0"
    normalize-wheel-es "^1.1.0"

esbuild-android-arm64@0.13.14:
  version "0.13.14"
  resolved "https://registry.yarnpkg.com/esbuild-android-arm64/-/esbuild-android-arm64-0.13.14.tgz#c85083ece26be3d67e6c720e088968a98409e023"
  integrity sha512-Q+Xhfp827r+ma8/DJgpMRUbDZfefsk13oePFEXEIJ4gxFbNv5+vyiYXYuKm43/+++EJXpnaYmEnu4hAKbAWYbA==

esbuild-darwin-64@0.13.14:
  version "0.13.14"
  resolved "https://registry.yarnpkg.com/esbuild-darwin-64/-/esbuild-darwin-64-0.13.14.tgz#8e4e237ad847cc54a1d3a5caee26a746b9f0b81f"
  integrity sha512-YmOhRns6QBNSjpVdTahi/yZ8dscx9ai7a6OY6z5ACgOuQuaQ2Qk2qgJ0/siZ6LgD0gJFMV8UINFV5oky5TFNQQ==

esbuild-darwin-arm64@0.13.14:
  version "0.13.14"
  resolved "https://registry.yarnpkg.com/esbuild-darwin-arm64/-/esbuild-darwin-arm64-0.13.14.tgz#b3b5ebd40b2cb06ee0f6fb342dd4bdcca54ad273"
  integrity sha512-Lp00VTli2jqZghSa68fx3fEFCPsO1hK59RMo1PRap5RUjhf55OmaZTZYnCDI0FVlCtt+gBwX5qwFt4lc6tI1xg==

esbuild-freebsd-64@0.13.14:
  version "0.13.14"
  resolved "https://registry.yarnpkg.com/esbuild-freebsd-64/-/esbuild-freebsd-64-0.13.14.tgz#175ecb2fa8141428cf70ea2d5f4c27534bad53e0"
  integrity sha512-BKosI3jtvTfnmsCW37B1TyxMUjkRWKqopR0CE9AF2ratdpkxdR24Vpe3gLKNyWiZ7BE96/SO5/YfhbPUzY8wKw==

esbuild-freebsd-arm64@0.13.14:
  version "0.13.14"
  resolved "https://registry.yarnpkg.com/esbuild-freebsd-arm64/-/esbuild-freebsd-arm64-0.13.14.tgz#a7d64e41d1fa581f8db7775e5200f18e67d70c4d"
  integrity sha512-yd2uh0yf+fWv5114+SYTl4/1oDWtr4nN5Op+PGxAkMqHfYfLjFKpcxwCo/QOS/0NWqPVE8O41IYZlFhbEN2B8Q==

esbuild-linux-32@0.13.14:
  version "0.13.14"
  resolved "https://registry.yarnpkg.com/esbuild-linux-32/-/esbuild-linux-32-0.13.14.tgz#14bdd4f6b6cfd35c65c835894651ba335c2117da"
  integrity sha512-a8rOnS1oWSfkkYWXoD2yXNV4BdbDKA7PNVQ1klqkY9SoSApL7io66w5H44mTLsfyw7G6Z2vLlaLI2nz9MMAowA==

esbuild-linux-64@0.13.14:
  version "0.13.14"
  resolved "https://registry.yarnpkg.com/esbuild-linux-64/-/esbuild-linux-64-0.13.14.tgz#7fd56851b2982fdd0cd8447ee9858c2c5711708a"
  integrity sha512-yPZSoMs9W2MC3Dw+6kflKt5FfQm6Dicex9dGIr1OlHRsn3Hm7yGMUTctlkW53KknnZdOdcdd5upxvbxqymczVQ==

esbuild-linux-arm64@0.13.14:
  version "0.13.14"
  resolved "https://registry.yarnpkg.com/esbuild-linux-arm64/-/esbuild-linux-arm64-0.13.14.tgz#a55634d70679ba509adeafd68eebb9fd1ec5af6c"
  integrity sha512-Lvo391ln9PzC334e+jJ2S0Rt0cxP47eoH5gFyv/E8HhOnEJTvm7A+RRnMjjHnejELacTTfYgFGQYPjLsi/jObQ==

esbuild-linux-arm@0.13.14:
  version "0.13.14"
  resolved "https://registry.yarnpkg.com/esbuild-linux-arm/-/esbuild-linux-arm-0.13.14.tgz#bb96a99677e608b31ff61f37564326d38e846ca2"
  integrity sha512-8chZE4pkKRvJ/M/iwsNQ1KqsRg2RyU5eT/x2flNt/f8F2TVrDreR7I0HEeCR50wLla3B1C3wTIOzQBmjuc6uWg==

esbuild-linux-mips64le@0.13.14:
  version "0.13.14"
  resolved "https://registry.yarnpkg.com/esbuild-linux-mips64le/-/esbuild-linux-mips64le-0.13.14.tgz#6a55362a8fd1e593dea2ecc41877beed8b8184b9"
  integrity sha512-MZhgxbmrWbpY3TOE029O6l5tokG9+Yoj2hW7vdit/d/VnmneqeGrSHADuDL6qXM8L5jaCiaivb4VhsyVCpdAbQ==

esbuild-linux-ppc64le@0.13.14:
  version "0.13.14"
  resolved "https://registry.yarnpkg.com/esbuild-linux-ppc64le/-/esbuild-linux-ppc64le-0.13.14.tgz#9e0048587ece0a7f184ab147f20d077098045e7f"
  integrity sha512-un7KMwS7fX1Un6BjfSZxTT8L5cV/8Uf4SAhM7WYy2XF8o8TI+uRxxD03svZnRNIPsN2J5cl6qV4n7Iwz+yhhVw==

esbuild-netbsd-64@0.13.14:
  version "0.13.14"
  resolved "https://registry.yarnpkg.com/esbuild-netbsd-64/-/esbuild-netbsd-64-0.13.14.tgz#dcab16a4bbcfa16e2e8535dadc5f64fdc891c63b"
  integrity sha512-5ekKx/YbOmmlTeNxBjh38Uh5TGn5C4uyqN17i67k18pS3J+U2hTVD7rCxcFcRS1AjNWumkVL3jWqYXadFwMS0Q==

esbuild-openbsd-64@0.13.14:
  version "0.13.14"
  resolved "https://registry.yarnpkg.com/esbuild-openbsd-64/-/esbuild-openbsd-64-0.13.14.tgz#3c7453b155ebb68dc34d5aec3bd6505337bdda08"
  integrity sha512-9bzvwewHjct2Cv5XcVoE1yW5YTW12Sk838EYfA46abgnhxGoFSD1mFcaztp5HHC43AsF+hQxbSFG/RilONARUA==

esbuild-sunos-64@0.13.14:
  version "0.13.14"
  resolved "https://registry.yarnpkg.com/esbuild-sunos-64/-/esbuild-sunos-64-0.13.14.tgz#85addf5fef6b5db154a955d4f2e88953359d75ce"
  integrity sha512-mjMrZB76M6FmoiTvj/RGWilrioR7gVwtFBRVugr9qLarXMIU1W/pQx+ieEOtflrW61xo8w1fcxyHsVVGRvoQ0w==

esbuild-windows-32@0.13.14:
  version "0.13.14"
  resolved "https://registry.yarnpkg.com/esbuild-windows-32/-/esbuild-windows-32-0.13.14.tgz#f77f98f30a5c636c44db2428ecdf9bcbbaedb1a7"
  integrity sha512-GZa6mrx2rgfbH/5uHg0Rdw50TuOKbdoKCpEBitzmG5tsXBdce+cOL+iFO5joZc6fDVCLW3Y6tjxmSXRk/v20Hg==

esbuild-windows-64@0.13.14:
  version "0.13.14"
  resolved "https://registry.yarnpkg.com/esbuild-windows-64/-/esbuild-windows-64-0.13.14.tgz#bc778674c40d65150d12385e0f23eb3a0badbd0d"
  integrity sha512-Lsgqah24bT7ClHjLp/Pj3A9wxjhIAJyWQcrOV4jqXAFikmrp2CspA8IkJgw7HFjx6QrJuhpcKVbCAe/xw0i2yw==

esbuild-windows-arm64@0.13.14:
  version "0.13.14"
  resolved "https://registry.yarnpkg.com/esbuild-windows-arm64/-/esbuild-windows-arm64-0.13.14.tgz#91a8dad35ab2c4dd27cd83860742955b25a354d7"
  integrity sha512-KP8FHVlWGhM7nzYtURsGnskXb/cBCPTfj0gOKfjKq2tHtYnhDZywsUG57nk7TKhhK0fL11LcejHG3LRW9RF/9A==

esbuild@^0.13.2:
  version "0.13.14"
  resolved "https://registry.yarnpkg.com/esbuild/-/esbuild-0.13.14.tgz#98a3f7f42809abdc2b57c84565d0f713382dc1a5"
  integrity sha512-xu4D+1ji9x53ocuomcY+KOrwAnWzhBu/wTEjpdgZ8I1c8i5vboYIeigMdzgY1UowYBKa2vZgVgUB32bu7gkxeg==
  optionalDependencies:
    esbuild-android-arm64 "0.13.14"
    esbuild-darwin-64 "0.13.14"
    esbuild-darwin-arm64 "0.13.14"
    esbuild-freebsd-64 "0.13.14"
    esbuild-freebsd-arm64 "0.13.14"
    esbuild-linux-32 "0.13.14"
    esbuild-linux-64 "0.13.14"
    esbuild-linux-arm "0.13.14"
    esbuild-linux-arm64 "0.13.14"
    esbuild-linux-mips64le "0.13.14"
    esbuild-linux-ppc64le "0.13.14"
    esbuild-netbsd-64 "0.13.14"
    esbuild-openbsd-64 "0.13.14"
    esbuild-sunos-64 "0.13.14"
    esbuild-windows-32 "0.13.14"
    esbuild-windows-64 "0.13.14"
    esbuild-windows-arm64 "0.13.14"

estree-walker@^2.0.1, estree-walker@^2.0.2:
  version "2.0.2"
  resolved "https://registry.yarnpkg.com/estree-walker/-/estree-walker-2.0.2.tgz#52f010178c2a4c117a7757cfe942adb7d2da4cac"
  integrity sha512-Rfkk/Mp/DL7JVje3u18FxFujQlTNR2q6QfMSMB7AvCBx91NGj/ba3kCfza0f6dVDbw7YlRf/nDrn7pQrCCyQ/w==

fast-glob@^3.2.7:
  version "3.2.7"
  resolved "https://registry.yarnpkg.com/fast-glob/-/fast-glob-3.2.7.tgz#fd6cb7a2d7e9aa7a7846111e85a196d6b2f766a1"
  integrity sha512-rYGMRwip6lUMvYD3BTScMwT1HtAs2d71SMv66Vrxs0IekGZEjhM0pcMfjQPnknBt2zeCwQMEupiN02ZP4DiT1Q==
  dependencies:
    "@nodelib/fs.stat" "^2.0.2"
    "@nodelib/fs.walk" "^1.2.3"
    glob-parent "^5.1.2"
    merge2 "^1.3.0"
    micromatch "^4.0.4"

fastq@^1.6.0:
  version "1.13.0"
  resolved "https://registry.yarnpkg.com/fastq/-/fastq-1.13.0.tgz#616760f88a7526bdfc596b7cab8c18938c36b98c"
  integrity sha512-YpkpUnK8od0o1hmeSc7UUs/eB/vIPWJYjKck2QKIzAf71Vm1AAQ3EbuZB3g2JIy+pg+ERD0vqI79KyZiB2e2Nw==
  dependencies:
    reusify "^1.0.4"

fill-range@^7.0.1:
  version "7.0.1"
  resolved "https://registry.yarnpkg.com/fill-range/-/fill-range-7.0.1.tgz#1919a6a7c75fe38b2c7c77e5198535da9acdda40"
  integrity sha512-qOo9F+dMUmC2Lcb4BbVvnKJxTPjCm+RRpe4gDuGrzkL7mEVl/djYSu2OdQ2Pa302N4oqkSg9ir6jaLWJ2USVpQ==
  dependencies:
    to-regex-range "^5.0.1"

fsevents@~2.3.2:
  version "2.3.2"
  resolved "https://registry.yarnpkg.com/fsevents/-/fsevents-2.3.2.tgz#8a526f78b8fdf4623b709e0b975c52c24c02fd1a"
  integrity sha512-xiqMQR4xAeHTuB9uWm+fFRcIOgKBMiOBP+eXiyT7jsgVCq1bkVygt00oASowB7EdtpOHaaPgKt812P9ab+DDKA==

function-bind@^1.1.1:
  version "1.1.1"
  resolved "https://registry.yarnpkg.com/function-bind/-/function-bind-1.1.1.tgz#a56899d3ea3c9bab874bb9773b7c5ede92f4895d"
  integrity sha512-yIovAzMX49sF8Yl58fSCWJ5svSLuaibPxXQJFLmBObTuCr0Mf1KiPopGM9NiFjiYBCbfaa2Fh6breQ6ANVTI0A==

glob-parent@^5.1.2, glob-parent@~5.1.2:
  version "5.1.2"
  resolved "https://registry.yarnpkg.com/glob-parent/-/glob-parent-5.1.2.tgz#869832c58034fe68a4093c17dc15e8340d8401c4"
  integrity sha512-AOIgSQCepiJYwP3ARnGx+5VnTu2HBYdzbGP45eLw1vr3zB3vZLeyed1sC9hnbcOc9/SrMyM5RPQrkGz4aS9Zow==
  dependencies:
    is-glob "^4.0.1"

has@^1.0.3:
  version "1.0.3"
  resolved "https://registry.yarnpkg.com/has/-/has-1.0.3.tgz#722d7cbfc1f6aa8241f16dd814e011e1f41e8796"
  integrity sha512-f2dvO0VU6Oej7RkWJGrehjbzMAjFp5/VKPp5tTpWIV4JHHZK1/BxbFRtf/siA2SWTe09caDmVtYYzWEIbBS4zw==
  dependencies:
    function-bind "^1.1.1"

import-meta-resolve@^1.1.1:
  version "1.1.1"
  resolved "https://registry.yarnpkg.com/import-meta-resolve/-/import-meta-resolve-1.1.1.tgz#244fd542fd1fae73550d4f8b3cde3bba1d7b2b18"
  integrity sha512-JiTuIvVyPaUg11eTrNDx5bgQ/yMKMZffc7YSjvQeSMXy58DO2SQ8BtAf3xteZvmzvjYh14wnqNjL8XVeDy2o9A==
  dependencies:
    builtins "^4.0.0"

is-binary-path@~2.1.0:
  version "2.1.0"
  resolved "https://registry.yarnpkg.com/is-binary-path/-/is-binary-path-2.1.0.tgz#ea1f7f3b80f064236e83470f86c09c254fb45b09"
  integrity sha512-ZMERYes6pDydyuGidse7OsHxtbI7WVeUEozgR/g7rd0xUimYNlvZRE/K2MgZTjWy725IfelLeVcEM97mmtRGXw==
  dependencies:
    binary-extensions "^2.0.0"

is-core-module@^2.2.0:
  version "2.8.0"
  resolved "https://registry.yarnpkg.com/is-core-module/-/is-core-module-2.8.0.tgz#0321336c3d0925e497fd97f5d95cb114a5ccd548"
  integrity sha512-vd15qHsaqrRL7dtH6QNuy0ndJmRDrS9HAM1CAiSifNUFv4x1a0CCVsj18hJ1mShxIG6T2i1sO78MkP56r0nYRw==
  dependencies:
    has "^1.0.3"

is-extglob@^2.1.1:
  version "2.1.1"
  resolved "https://registry.yarnpkg.com/is-extglob/-/is-extglob-2.1.1.tgz#a88c02535791f02ed37c76a1b9ea9773c833f8c2"
  integrity sha1-qIwCU1eR8C7TfHahueqXc8gz+MI=

is-glob@^4.0.1, is-glob@~4.0.1:
  version "4.0.3"
  resolved "https://registry.yarnpkg.com/is-glob/-/is-glob-4.0.3.tgz#64f61e42cbbb2eec2071a9dac0b28ba1e65d5084"
  integrity sha512-xelSayHH36ZgE7ZWhli7pW34hNbNl8Ojv5KVmkJD4hBdD3th8Tfk9vYasLM+mXWOZhFkgZfxhLSnrwRr4elSSg==
  dependencies:
    is-extglob "^2.1.1"

is-number@^7.0.0:
  version "7.0.0"
  resolved "https://registry.yarnpkg.com/is-number/-/is-number-7.0.0.tgz#7535345b896734d5f80c4d06c50955527a14f12b"
  integrity sha512-41Cifkg6e8TylSpdtTpeLVMqvSBEVzTttHvERD741+pnZ8ANv0004MRL43QKPDlK9cGvNp6NZWZUBlbGXYxxng==

local-pkg@^0.1.0:
  version "0.1.0"
  resolved "https://registry.yarnpkg.com/local-pkg/-/local-pkg-0.1.0.tgz#7422b2ae8fc1e3b9ef2f132b0a0e92d879df52ef"
  integrity sha512-WsR2tHvRGIxcC2clC30ECb5fjywzsjQagaHIy1+ykZaHz0ByoB0OL2riHqIYA5YYnensRXLszwbzHkhKzehZDg==
  dependencies:
    mlly "^0.2.2"

lodash@^4.17.21:
  version "4.17.21"
  resolved "https://registry.yarnpkg.com/lodash/-/lodash-4.17.21.tgz#679591c564c3bffaae8454cf0b3df370c3d6911c"
  integrity sha512-v2kDEe57lecTulaDIuNTPy3Ry4gLGJ6Z1O3vE1krgXZNrsQ+LFTGHVxVjcXPs17LhbZVGedAJv8XZ1tvj5FvSg==

lru-cache@^6.0.0:
  version "6.0.0"
  resolved "https://registry.yarnpkg.com/lru-cache/-/lru-cache-6.0.0.tgz#6d6fe6570ebd96aaf90fcad1dafa3b2566db3a94"
  integrity sha512-Jo6dJ04CmSjuznwJSS3pUeWmd/H0ffTlkXXgwZi+eq1UCmqQwCh+eLsYOYCwY991i2Fah4h1BEMCx4qThGbsiA==
  dependencies:
    yallist "^4.0.0"

magic-string@^0.25.7:
  version "0.25.7"
  resolved "https://registry.yarnpkg.com/magic-string/-/magic-string-0.25.7.tgz#3f497d6fd34c669c6798dcb821f2ef31f5445051"
  integrity sha512-4CrMT5DOHTDk4HYDlzmwu4FVCcIYI8gauveasrdCu2IKIFOJ3f0v/8MDGJCDL9oD2ppz/Av1b0Nj345H9M+XIA==
  dependencies:
    sourcemap-codec "^1.4.4"

memoize-one@^6.0.0:
  version "6.0.0"
  resolved "https://registry.yarnpkg.com/memoize-one/-/memoize-one-6.0.0.tgz#b2591b871ed82948aee4727dc6abceeeac8c1045"
  integrity sha512-rkpe71W0N0c0Xz6QD0eJETuWAJGnJ9afsl1srmwPrI+yBCkge5EycXXbYRyvL29zZVUWQCY7InPRCv3GDXuZNw==

merge2@^1.3.0:
  version "1.4.1"
  resolved "https://registry.yarnpkg.com/merge2/-/merge2-1.4.1.tgz#4368892f885e907455a6fd7dc55c0c9d404990ae"
  integrity sha512-8q7VEgMJW4J8tcfVPy8g09NcQwZdbwFEqhe/WZkoIzjn/3TGDwtOCYtXGxA3O8tPzpczCCDgv+P2P5y00ZJOOg==

micromatch@^4.0.4:
  version "4.0.4"
  resolved "https://registry.yarnpkg.com/micromatch/-/micromatch-4.0.4.tgz#896d519dfe9db25fce94ceb7a500919bf881ebf9"
  integrity sha512-pRmzw/XUcwXGpD9aI9q/0XOwLNygjETJ8y0ao0wdqprrzDa4YnxLcz7fQRZr8voh8V10kGhABbNcHVk5wHgWwg==
  dependencies:
    braces "^3.0.1"
    picomatch "^2.2.3"

minimatch@^3.0.4:
  version "3.0.4"
  resolved "https://registry.yarnpkg.com/minimatch/-/minimatch-3.0.4.tgz#5166e286457f03306064be5497e8dbb0c3d32083"
  integrity sha512-yJHVQEhyqPLUTgt9B83PXu6W3rx4MvvHvSUvToogpwoGDOUQ+yDrR0HRot+yOCdCO7u4hX3pWft6kWBBcqh0UA==
  dependencies:
    brace-expansion "^1.1.7"

mlly@^0.2.2:
  version "0.2.10"
  resolved "https://registry.yarnpkg.com/mlly/-/mlly-0.2.10.tgz#645902c9761dc6b5ded174b8e717147fe52e4893"
  integrity sha512-xfyW6c2QBGArtctzNnTV5leOKX8nOMz2simeubtXofdsdSJFSNw+Ncvrs8kxcN3pBrQLXuYBHNFV6NgZ5Ryf4A==
  dependencies:
    import-meta-resolve "^1.1.1"

ms@2.1.2:
  version "2.1.2"
  resolved "https://registry.yarnpkg.com/ms/-/ms-2.1.2.tgz#d09d1f357b443f493382a8eb3ccd183872ae6009"
  integrity sha512-sGkPx+VjMtmA6MX27oA4FBFELFCZZ4S4XqeGOXCv68tT+jb3vk/RyaKWP0PTKyWtmLSM0b+adUTEvbs1PEaH2w==

nanoid@^3.1.30:
  version "3.1.30"
  resolved "https://registry.yarnpkg.com/nanoid/-/nanoid-3.1.30.tgz#63f93cc548d2a113dc5dfbc63bfa09e2b9b64362"
  integrity sha512-zJpuPDwOv8D2zq2WRoMe1HsfZthVewpel9CAvTfc/2mBD1uUT/agc5f7GHGWXlYkFvi1mVxe4IjvP2HNrop7nQ==

normalize-path@^3.0.0, normalize-path@~3.0.0:
  version "3.0.0"
  resolved "https://registry.yarnpkg.com/normalize-path/-/normalize-path-3.0.0.tgz#0dcd69ff23a1c9b11fd0978316644a0388216a65"
  integrity sha512-6eZs5Ls3WtCisHWp9S2GUy8dqkpGi4BVSz3GaqiE6ezub0512ESztXUwUB6C6IKbQkY2Pnb/mD4WYojCRwcwLA==

normalize-wheel-es@^1.1.0:
  version "1.1.1"
  resolved "https://registry.yarnpkg.com/normalize-wheel-es/-/normalize-wheel-es-1.1.1.tgz#a8096db6a56f94332d884fd8ebeda88f2fc79569"
  integrity sha512-157VNH4CngrcsvF8xOVOe22cwniIR3nxSltdctvQeHZj8JttEeOXffK28jucWfWBXs0QNetAumjc1GiInnwX4w==

path-parse@^1.0.6:
  version "1.0.7"
  resolved "https://registry.yarnpkg.com/path-parse/-/path-parse-1.0.7.tgz#fbc114b60ca42b30d9daf5858e4bd68bbedb6735"
  integrity sha512-LDJzPVEEEPR+y48z93A0Ed0yXb8pAByGWo/k5YYdYgpY2/2EsOsksJrq7lOHxryrVOn1ejG6oAp8ahvOIQD8sw==

picocolors@^1.0.0:
  version "1.0.0"
  resolved "https://registry.yarnpkg.com/picocolors/-/picocolors-1.0.0.tgz#cb5bdc74ff3f51892236eaf79d68bc44564ab81c"
  integrity sha512-1fygroTLlHu66zi26VoTDv8yRgm0Fccecssto+MhsZ0D/DGW2sm8E8AjW7NU5VVTRt5GxbeZ5qBuJr+HyLYkjQ==

picomatch@^2.0.4, picomatch@^2.2.1, picomatch@^2.2.2, picomatch@^2.2.3:
  version "2.3.0"
  resolved "https://registry.yarnpkg.com/picomatch/-/picomatch-2.3.0.tgz#f1f061de8f6a4bf022892e2d128234fb98302972"
  integrity sha512-lY1Q/PiJGC2zOv/z391WOTD+Z02bCgsFfvxoXXf6h7kv9o+WmsmzYqrAwY63sNgOxE4xEdq0WyUnXfKeBrSvYw==

postcss@^8.1.10, postcss@^8.3.8:
  version "8.3.11"
  resolved "https://registry.yarnpkg.com/postcss/-/postcss-8.3.11.tgz#c3beca7ea811cd5e1c4a3ec6d2e7599ef1f8f858"
  integrity sha512-hCmlUAIlUiav8Xdqw3Io4LcpA1DOt7h3LSTAC4G6JGHFFaWzI6qvFt9oilvl8BmkbBRX1IhM90ZAmpk68zccQA==
  dependencies:
    nanoid "^3.1.30"
    picocolors "^1.0.0"
    source-map-js "^0.6.2"

prismjs@^1.25.0:
  version "1.25.0"
  resolved "https://registry.yarnpkg.com/prismjs/-/prismjs-1.25.0.tgz#6f822df1bdad965734b310b315a23315cf999756"
  integrity sha512-WCjJHl1KEWbnkQom1+SzftbtXMKQoezOCYs5rECqMN+jP+apI7ftoflyqigqzopSO3hMhTEb0mFClA8lkolgEg==

queue-microtask@^1.2.2:
  version "1.2.3"
  resolved "https://registry.yarnpkg.com/queue-microtask/-/queue-microtask-1.2.3.tgz#4929228bbc724dfac43e0efb058caf7b6cfb6243"
  integrity sha512-NuaNSa6flKT5JaSYQzJok04JzTL1CA6aGhv5rfLW3PgqA+M2ChpZQnAC8h8i4ZFkBS8X5RqkDBHA7r4hej3K9A==

readdirp@~3.6.0:
  version "3.6.0"
  resolved "https://registry.yarnpkg.com/readdirp/-/readdirp-3.6.0.tgz#74a370bd857116e245b29cc97340cd431a02a6c7"
  integrity sha512-hOS089on8RduqdbhvQ5Z37A0ESjsqz6qnRcffsMU3495FuTdqSm+7bhJ29JvIOsBDEEnan5DPu9t3To9VRlMzA==
  dependencies:
    picomatch "^2.2.1"

resolve@^1.20.0:
  version "1.20.0"
  resolved "https://registry.yarnpkg.com/resolve/-/resolve-1.20.0.tgz#629a013fb3f70755d6f0b7935cc1c2c5378b1975"
  integrity sha512-wENBPt4ySzg4ybFQW2TT1zMQucPK95HSh/nq2CFTZVOGut2+pQvSsgtda4d26YrYcr067wjbmzOG8byDPBX63A==
  dependencies:
    is-core-module "^2.2.0"
    path-parse "^1.0.6"

reusify@^1.0.4:
  version "1.0.4"
  resolved "https://registry.yarnpkg.com/reusify/-/reusify-1.0.4.tgz#90da382b1e126efc02146e90845a88db12925d76"
  integrity sha512-U9nH88a3fc/ekCF1l0/UP1IosiuIjyTh7hBvXVMHYgVcfGvt897Xguj2UOLDeI5BG2m7/uwyaLVT6fbtCwTyzw==

rollup@^2.57.0:
  version "2.60.0"
  resolved "https://registry.yarnpkg.com/rollup/-/rollup-2.60.0.tgz#4ee60ab7bdd0356763f87d7099f413e5460fc193"
  integrity sha512-cHdv9GWd58v58rdseC8e8XIaPUo8a9cgZpnCMMDGZFDZKEODOiPPEQFXLriWr/TjXzhPPmG5bkAztPsOARIcGQ==
  optionalDependencies:
    fsevents "~2.3.2"

run-parallel@^1.1.9:
  version "1.2.0"
  resolved "https://registry.yarnpkg.com/run-parallel/-/run-parallel-1.2.0.tgz#66d1368da7bdf921eb9d95bd1a9229e7f21a43ee"
  integrity sha512-5l4VyZR86LZ/lDxZTR6jqL8AFE2S0IFLMP26AbjsLVADxHdhB/c0GUsH+y39UfCi3dzz8OlQuPmnaJOMoDHQBA==
  dependencies:
    queue-microtask "^1.2.2"

sass@^1.43.4:
  version "1.43.4"
  resolved "https://registry.yarnpkg.com/sass/-/sass-1.43.4.tgz#68c7d6a1b004bef49af0d9caf750e9b252105d1f"
  integrity sha512-/ptG7KE9lxpGSYiXn7Ar+lKOv37xfWsZRtFYal2QHNigyVQDx685VFT/h7ejVr+R8w7H4tmUgtulsKl5YpveOg==
  dependencies:
    chokidar ">=3.0.0 <4.0.0"

semver@^7.0.0:
  version "7.3.5"
  resolved "https://registry.yarnpkg.com/semver/-/semver-7.3.5.tgz#0b621c879348d8998e4b0e4be94b3f12e6018ef7"
  integrity sha512-PoeGJYh8HK4BTO/a9Tf6ZG3veo/A7ZVsYrSA6J8ny9nb3B1VrpkuN+z9OE5wfE5p6H4LchYZsegiQgbJD94ZFQ==
  dependencies:
    lru-cache "^6.0.0"

source-map-js@^0.6.2:
  version "0.6.2"
  resolved "https://registry.yarnpkg.com/source-map-js/-/source-map-js-0.6.2.tgz#0bb5de631b41cfbda6cfba8bd05a80efdfd2385e"
  integrity sha512-/3GptzWzu0+0MBQFrDKzw/DvvMTUORvgY6k6jd/VS6iCR4RDTKWH6v6WPwQoUO8667uQEf9Oe38DxAYWY5F/Ug==

source-map@^0.6.1:
  version "0.6.1"
  resolved "https://registry.yarnpkg.com/source-map/-/source-map-0.6.1.tgz#74722af32e9614e9c287a8d0bbde48b5e2f1a263"
  integrity sha512-UjgapumWlbMhkBgzT7Ykc5YXUT46F0iKu8SGXq0bcwP5dz/h0Plj6enJqjz1Zbq2l5WaqYnrVbwWOWMyF3F47g==

sourcemap-codec@^1.4.4:
  version "1.4.8"
  resolved "https://registry.yarnpkg.com/sourcemap-codec/-/sourcemap-codec-1.4.8.tgz#ea804bd94857402e6992d05a38ef1ae35a9ab4c4"
  integrity sha512-9NykojV5Uih4lgo5So5dtw+f0JgJX30KCNI8gwhz2J9A15wD0Ml6tjHKwf6fTSa6fAdVBdZeNOs9eJ71qCk8vA==

tinymce@^5.10.2:
  version "5.10.2"
  resolved "https://registry.yarnpkg.com/tinymce/-/tinymce-5.10.2.tgz#cf1ff01025909be26c64348509e6de8e70d58e1d"
  integrity sha512-5QhnZ6c8F28fYucLLc00MM37fZoAZ4g7QCYzwIl38i5TwJR5xGqzOv6YMideyLM4tytCzLCRwJoQen2LI66p5A==

to-regex-range@^5.0.1:
  version "5.0.1"
  resolved "https://registry.yarnpkg.com/to-regex-range/-/to-regex-range-5.0.1.tgz#1648c44aae7c8d988a326018ed72f5b4dd0392e4"
  integrity sha512-65P7iz6X5yEr1cwcgvQxbbIw7Uk3gOy5dIdtZ4rDveLqhrdJP+Li/Hx6tyK0NEb+2GCyneCMJiGqrADCSNk8sQ==
  dependencies:
    is-number "^7.0.0"

unplugin-vue-components@^0.17.2:
  version "0.17.2"
  resolved "https://registry.yarnpkg.com/unplugin-vue-components/-/unplugin-vue-components-0.17.2.tgz#db7e669fac3cc36b87ba056f63e2eaa47a7f1b9b"
  integrity sha512-e4ZdOpnzFMQJx3rDLotLyucTap0bUlMy+6BRYyoN6jE1ZyGAgR6jodmpHZAPR3xkC4pkqW5PLlyDfIH/+lzkng==
  dependencies:
    "@antfu/utils" "^0.3.0"
    "@rollup/pluginutils" "^4.1.1"
    chokidar "^3.5.2"
    debug "^4.3.2"
    fast-glob "^3.2.7"
    local-pkg "^0.1.0"
    magic-string "^0.25.7"
    minimatch "^3.0.4"
    resolve "^1.20.0"
    unplugin "^0.2.13"

unplugin@^0.2.13:
  version "0.2.21"
  resolved "https://registry.yarnpkg.com/unplugin/-/unplugin-0.2.21.tgz#7852cddd9f78f0b32881812fd2efd5a39dcc64e5"
  integrity sha512-IJ15/L5XbhnV7J09Zjk0FT5HEkBjkXucWAXQWRsmEtUxmmxwh23yavrmDbCF6ZPxWiVB28+wnKIHePTRRpQPbQ==
  dependencies:
    webpack-virtual-modules "^0.4.3"

vite@^2.6.4:
  version "2.6.14"
  resolved "https://registry.yarnpkg.com/vite/-/vite-2.6.14.tgz#35c09a15e4df823410819a2a239ab11efb186271"
  integrity sha512-2HA9xGyi+EhY2MXo0+A2dRsqsAG3eFNEVIo12olkWhOmc8LfiM+eMdrXf+Ruje9gdXgvSqjLI9freec1RUM5EA==
  dependencies:
    esbuild "^0.13.2"
    postcss "^8.3.8"
    resolve "^1.20.0"
    rollup "^2.57.0"
  optionalDependencies:
    fsevents "~2.3.2"

vue-demi@*:
  version "0.12.1"
  resolved "https://registry.yarnpkg.com/vue-demi/-/vue-demi-0.12.1.tgz#f7e18efbecffd11ab069d1472d7a06e319b4174c"
  integrity sha512-QL3ny+wX8c6Xm1/EZylbgzdoDolye+VpCXRhI2hug9dJTP3OUJ3lmiKN3CsVV3mOJKwFi0nsstbgob0vG7aoIw==

vue-router@^4.0.12:
  version "4.0.12"
  resolved "https://registry.yarnpkg.com/vue-router/-/vue-router-4.0.12.tgz#8dc792cddf5bb1abcc3908f9064136de7e13c460"
  integrity sha512-CPXvfqe+mZLB1kBWssssTiWg4EQERyqJZes7USiqfW9B5N2x+nHlnsM1D3b5CaJ6qgCvMmYJnz+G0iWjNCvXrg==
  dependencies:
    "@vue/devtools-api" "^6.0.0-beta.18"

vue@^3.2.16:
  version "3.2.22"
  resolved "https://registry.yarnpkg.com/vue/-/vue-3.2.22.tgz#46e4dd89e98cc4b851ae1eb35f00ced413a34bb7"
  integrity sha512-KD5nZpXVZquOC6926Xnp3zOvswrUyO9Rya7ZUoxWFQEjFDW4iACtwzubRB4Um2Om9kj6CaJOqAVRDSFlqLpdgw==
  dependencies:
    "@vue/compiler-dom" "3.2.22"
    "@vue/compiler-sfc" "3.2.22"
    "@vue/runtime-dom" "3.2.22"
    "@vue/server-renderer" "3.2.22"
    "@vue/shared" "3.2.22"

webpack-virtual-modules@^0.4.3:
  version "0.4.3"
  resolved "https://registry.yarnpkg.com/webpack-virtual-modules/-/webpack-virtual-modules-0.4.3.tgz#cd597c6d51d5a5ecb473eea1983a58fa8a17ded9"
  integrity sha512-5NUqC2JquIL2pBAAo/VfBP6KuGkHIZQXW/lNKupLPfhViwh8wNsu0BObtl09yuKZszeEUfbXz8xhrHvSG16Nqw==

yallist@^4.0.0:
  version "4.0.0"
  resolved "https://registry.yarnpkg.com/yallist/-/yallist-4.0.0.tgz#9bb92790d9c0effec63be73519e11a35019a3a72"
  integrity sha512-3wdGidZyq5PB084XLES5TpOSRA3wjXAlIWMhum2kRcv/41Sn2emQ0dycQW4uZXLejwKvg6EsvbdlVL+FYEct7A==
